<?xml version="1.0" encoding="utf-8"?>
<Project ToolsVersion="4.0" xmlns="http://schemas.microsoft.com/developer/msbuild/2003">
  <ItemGroup>
    <Filter Include="glad">
      <UniqueIdentifier>{fd268beb-92c7-4935-8936-c710bc65b629}</UniqueIdentifier>
    </Filter>
    <Filter Include="common">
      <UniqueIdentifier>{843c74f7-89b5-4601-a3e8-5cec04a361ce}</UniqueIdentifier>
    </Filter>
    <Filter Include="common\shader">
      <UniqueIdentifier>{0fdf47d3-eef0-4a9f-8264-af7e0c12c330}</UniqueIdentifier>
    </Filter>
  </ItemGroup>
  <ItemGroup>
    <ClCompile Include="..\glad\glad.c">
      <Filter>glad</Filter>
    </ClCompile>
    <ClCompile Include="Tetris.cpp" />
  </ItemGroup>
  <ItemGroup>
    <ClInclude Include="..\glad\glad.h">
      <Filter>glad</Filter>
    </ClInclude>
    <ClInclude Include="..\glad\khrplatform.h">
      <Filter>glad</Filter>
    </ClInclude>
    <ClInclude Include="..\common\shader\shader_s.h">
      <Filter>common\shader</Filter>
    </ClInclude>
  </ItemGroup>
</Project>